// !$*UTF8*$!
{
	archiveVersion = 1;
	classes = {
	};
	objectVersion = 46;
	objects = {

/* Begin PBXBuildFile section */
		5B6ADFF31BE9A88500DBBFBF /* AppDelegate.swift in Sources */ = {isa = PBXBuildFile; fileRef = 5B6ADFF21BE9A88500DBBFBF /* AppDelegate.swift */; };
		5B6ADFF51BE9A88500DBBFBF /* ViewController.swift in Sources */ = {isa = PBXBuildFile; fileRef = 5B6ADFF41BE9A88500DBBFBF /* ViewController.swift */; };
		5B6ADFF81BE9A88500DBBFBF /* Main.storyboard in Resources */ = {isa = PBXBuildFile; fileRef = 5B6ADFF61BE9A88500DBBFBF /* Main.storyboard */; };
		5B6ADFFA1BE9A88500DBBFBF /* Assets.xcassets in Resources */ = {isa = PBXBuildFile; fileRef = 5B6ADFF91BE9A88500DBBFBF /* Assets.xcassets */; };
		5B6ADFFD1BE9A88500DBBFBF /* LaunchScreen.storyboard in Resources */ = {isa = PBXBuildFile; fileRef = 5B6ADFFB1BE9A88500DBBFBF /* LaunchScreen.storyboard */; };
		5B6AE0081BE9A88500DBBFBF /* OneLogGeneratorTests.swift in Sources */ = {isa = PBXBuildFile; fileRef = 5B6AE0071BE9A88500DBBFBF /* OneLogGeneratorTests.swift */; };
/* End PBXBuildFile section */

/* Begin PBXContainerItemProxy section */
		5B6AE0041BE9A88500DBBFBF /* PBXContainerItemProxy */ = {
			isa = PBXContainerItemProxy;
			containerPortal = 5B6ADFE71BE9A88500DBBFBF /* Project object */;
			proxyType = 1;
			remoteGlobalIDString = 5B6ADFEE1BE9A88500DBBFBF;
			remoteInfo = OneLogGenerator;
		};
/* End PBXContainerItemProxy section */

/* Begin PBXFileReference section */
		5B6ADFEF1BE9A88500DBBFBF /* OneLogGenerator.app */ = {isa = PBXFileReference; explicitFileType = wrapper.application; includeInIndex = 0; path = OneLogGenerator.app; sourceTree = BUILT_PRODUCTS_DIR; };
		5B6ADFF21BE9A88500DBBFBF /* AppDelegate.swift */ = {isa = PBXFileReference; lastKnownFileType = sourcecode.swift; path = AppDelegate.swift; sourceTree = "<group>"; };
		5B6ADFF41BE9A88500DBBFBF /* ViewController.swift */ = {isa = PBXFileReference; lastKnownFileType = sourcecode.swift; path = ViewController.swift; sourceTree = "<group>"; };
		5B6ADFF71BE9A88500DBBFBF /* Base */ = {isa = PBXFileReference; lastKnownFileType = file.storyboard; name = Base; path = Base.lproj/Main.storyboard; sourceTree = "<group>"; };
		5B6ADFF91BE9A88500DBBFBF /* Assets.xcassets */ = {isa = PBXFileReference; lastKnownFileType = folder.assetcatalog; path = Assets.xcassets; sourceTree = "<group>"; };
		5B6ADFFC1BE9A88500DBBFBF /* Base */ = {isa = PBXFileReference; lastKnownFileType = file.storyboard; name = Base; path = Base.lproj/LaunchScreen.storyboard; sourceTree = "<group>"; };
		5B6ADFFE1BE9A88500DBBFBF /* Info.plist */ = {isa = PBXFileReference; lastKnownFileType = text.plist.xml; path = Info.plist; sourceTree = "<group>"; };
		5B6AE0031BE9A88500DBBFBF /* OneLogGeneratorTests.xctest */ = {isa = PBXFileReference; explicitFileType = wrapper.cfbundle; includeInIndex = 0; path = OneLogGeneratorTests.xctest; sourceTree = BUILT_PRODUCTS_DIR; };
		5B6AE0071BE9A88500DBBFBF /* OneLogGeneratorTests.swift */ = {isa = PBXFileReference; lastKnownFileType = sourcecode.swift; path = OneLogGeneratorTests.swift; sourceTree = "<group>"; };
		5B6AE0091BE9A88500DBBFBF /* Info.plist */ = {isa = PBXFileReference; lastKnownFileType = text.plist.xml; path = Info.plist; sourceTree = "<group>"; };
/* End PBXFileReference section */

/* Begin PBXFrameworksBuildPhase section */
		5B6ADFEC1BE9A88500DBBFBF /* Frameworks */ = {
			isa = PBXFrameworksBuildPhase;
			buildActionMask = 2147483647;
			files = (
			);
			runOnlyForDeploymentPostprocessing = 0;
		};
		5B6AE0001BE9A88500DBBFBF /* Frameworks */ = {
			isa = PBXFrameworksBuildPhase;
			buildActionMask = 2147483647;
			files = (
			);
			runOnlyForDeploymentPostprocessing = 0;
		};
/* End PBXFrameworksBuildPhase section */

/* Begin PBXGroup section */
		5B6ADFE61BE9A88500DBBFBF = {
			isa = PBXGroup;
			children = (
				5B6ADFF11BE9A88500DBBFBF /* OneLogGenerator */,
				5B6AE0061BE9A88500DBBFBF /* OneLogGeneratorTests */,
				5B6ADFF01BE9A88500DBBFBF /* Products */,
			);
			sourceTree = "<group>";
		};
		5B6ADFF01BE9A88500DBBFBF /* Products */ = {
			isa = PBXGroup;
			children = (
				5B6ADFEF1BE9A88500DBBFBF /* OneLogGenerator.app */,
				5B6AE0031BE9A88500DBBFBF /* OneLogGeneratorTests.xctest */,
			);
			name = Products;
			sourceTree = "<group>";
		};
		5B6ADFF11BE9A88500DBBFBF /* OneLogGenerator */ = {
			isa = PBXGroup;
			children = (
				5B6ADFF21BE9A88500DBBFBF /* AppDelegate.swift */,
				5B6ADFF41BE9A88500DBBFBF /* ViewController.swift */,
				5B6ADFF61BE9A88500DBBFBF /* Main.storyboard */,
				5B6ADFF91BE9A88500DBBFBF /* Assets.xcassets */,
				5B6ADFFB1BE9A88500DBBFBF /* LaunchScreen.storyboard */,
				5B6ADFFE1BE9A88500DBBFBF /* Info.plist */,
			);
			path = OneLogGenerator;
			sourceTree = "<group>";
		};
		5B6AE0061BE9A88500DBBFBF /* OneLogGeneratorTests */ = {
			isa = PBXGroup;
			children = (
				5B6AE0071BE9A88500DBBFBF /* OneLogGeneratorTests.swift */,
				5B6AE0091BE9A88500DBBFBF /* Info.plist */,
			);
			path = OneLogGeneratorTests;
			sourceTree = "<group>";
		};
/* End PBXGroup section */

/* Begin PBXNativeTarget section */
		5B6ADFEE1BE9A88500DBBFBF /* OneLogGenerator */ = {
			isa = PBXNativeTarget;
			buildConfigurationList = 5B6AE00C1BE9A88500DBBFBF /* Build configuration list for PBXNativeTarget "OneLogGenerator" */;
			buildPhases = (
				5B6ADFEB1BE9A88500DBBFBF /* Sources */,
				5B6ADFEC1BE9A88500DBBFBF /* Frameworks */,
				5B6ADFED1BE9A88500DBBFBF /* Resources */,
			);
			buildRules = (
			);
			dependencies = (
			);
			name = OneLogGenerator;
			productName = OneLogGenerator;
			productReference = 5B6ADFEF1BE9A88500DBBFBF /* OneLogGenerator.app */;
			productType = "com.apple.product-type.application";
		};
		5B6AE0021BE9A88500DBBFBF /* OneLogGeneratorTests */ = {
			isa = PBXNativeTarget;
			buildConfigurationList = 5B6AE00F1BE9A88500DBBFBF /* Build configuration list for PBXNativeTarget "OneLogGeneratorTests" */;
			buildPhases = (
				5B6ADFFF1BE9A88500DBBFBF /* Sources */,
				5B6AE0001BE9A88500DBBFBF /* Frameworks */,
				5B6AE0011BE9A88500DBBFBF /* Resources */,
			);
			buildRules = (
			);
			dependencies = (
				5B6AE0051BE9A88500DBBFBF /* PBXTargetDependency */,
			);
			name = OneLogGeneratorTests;
			productName = OneLogGeneratorTests;
			productReference = 5B6AE0031BE9A88500DBBFBF /* OneLogGeneratorTests.xctest */;
			productType = "com.apple.product-type.bundle.unit-test";
		};
/* End PBXNativeTarget section */

/* Begin PBXProject section */
		5B6ADFE71BE9A88500DBBFBF /* Project object */ = {
			isa = PBXProject;
			attributes = {
				LastSwiftUpdateCheck = 0710;
				LastUpgradeCheck = 0710;
				ORGANIZATIONNAME = "Hongbo Zhang";
				TargetAttributes = {
					5B6ADFEE1BE9A88500DBBFBF = {
						CreatedOnToolsVersion = 7.1;
					};
					5B6AE0021BE9A88500DBBFBF = {
						CreatedOnToolsVersion = 7.1;
						TestTargetID = 5B6ADFEE1BE9A88500DBBFBF;
					};
				};
			};
			buildConfigurationList = 5B6ADFEA1BE9A88500DBBFBF /* Build configuration list for PBXProject "OneLogGenerator" */;
			compatibilityVersion = "Xcode 3.2";
			developmentRegion = English;
			hasScannedForEncodings = 0;
			knownRegions = (
				en,
				Base,
			);
			mainGroup = 5B6ADFE61BE9A88500DBBFBF;
			productRefGroup = 5B6ADFF01BE9A88500DBBFBF /* Products */;
			projectDirPath = "";
			projectRoot = "";
			targets = (
				5B6ADFEE1BE9A88500DBBFBF /* OneLogGenerator */,
				5B6AE0021BE9A88500DBBFBF /* OneLogGeneratorTests */,
			);
		};
/* End PBXProject section */

/* Begin PBXResourcesBuildPhase section */
		5B6ADFED1BE9A88500DBBFBF /* Resources */ = {
			isa = PBXResourcesBuildPhase;
			buildActionMask = 2147483647;
			files = (
				5B6ADFFD1BE9A88500DBBFBF /* LaunchScreen.storyboard in Resources */,
				5B6ADFFA1BE9A88500DBBFBF /* Assets.xcassets in Resources */,
				5B6ADFF81BE9A88500DBBFBF /* Main.storyboard in Resources */,
			);
			runOnlyForDeploymentPostprocessing = 0;
		};
		5B6AE0011BE9A88500DBBFBF /* Resources */ = {
			isa = PBXResourcesBuildPhase;
			buildActionMask = 2147483647;
			files = (
			);
			runOnlyForDeploymentPostprocessing = 0;
		};
/* End PBXResourcesBuildPhase section */

/* Begin PBXSourcesBuildPhase section */
		5B6ADFEB1BE9A88500DBBFBF /* Sources */ = {
			isa = PBXSourcesBuildPhase;
			buildActionMask = 2147483647;
			files = (
				5B6ADFF51BE9A88500DBBFBF /* ViewController.swift in Sources */,
				5B6ADFF31BE9A88500DBBFBF /* AppDelegate.swift in Sources */,
			);
			runOnlyForDeploymentPostprocessing = 0;
		};
		5B6ADFFF1BE9A88500DBBFBF /* Sources */ = {
			isa = PBXSourcesBuildPhase;
			buildActionMask = 2147483647;
			files = (
				5B6AE0081BE9A88500DBBFBF /* OneLogGeneratorTests.swift in Sources */,
			);
			runOnlyForDeploymentPostprocessing = 0;
		};
/* End PBXSourcesBuildPhase section */

/* Begin PBXTargetDependency section */
		5B6AE0051BE9A88500DBBFBF /* PBXTargetDependency */ = {
			isa = PBXTargetDependency;
			target = 5B6ADFEE1BE9A88500DBBFBF /* OneLogGenerator */;
			targetProxy = 5B6AE0041BE9A88500DBBFBF /* PBXContainerItemProxy */;
		};
/* End PBXTargetDependency section */

/* Begin PBXVariantGroup section */
		5B6ADFF61BE9A88500DBBFBF /* Main.storyboard */ = {
			isa = PBXVariantGroup;
			children = (
				5B6ADFF71BE9A88500DBBFBF /* Base */,
			);
			name = Main.storyboard;
			sourceTree = "<group>";
		};
		5B6ADFFB1BE9A88500DBBFBF /* LaunchScreen.storyboard */ = {
			isa = PBXVariantGroup;
			children = (
				5B6ADFFC1BE9A88500DBBFBF /* Base */,
			);
			name = LaunchScreen.storyboard;
			sourceTree = "<group>";
		};
/* End PBXVariantGroup section */

/* Begin XCBuildConfiguration section */
		5B6AE00A1BE9A88500DBBFBF /* Debug */ = {
			isa = XCBuildConfiguration;
			buildSettings = {
				ALWAYS_SEARCH_USER_PATHS = NO;
				CLANG_CXX_LANGUAGE_STANDARD = "gnu++0x";
				CLANG_CXX_LIBRARY = "libc++";
				CLANG_ENABLE_MODULES = YES;
				CLANG_ENABLE_OBJC_ARC = YES;
				CLANG_WARN_BOOL_CONVERSION = YES;
				CLANG_WARN_CONSTANT_CONVERSION = YES;
				CLANG_WARN_DIRECT_OBJC_ISA_USAGE = YES_ERROR;
				CLANG_WARN_EMPTY_BODY = YES;
				CLANG_WARN_ENUM_CONVERSION = YES;
				CLANG_WARN_INT_CONVERSION = YES;
				CLANG_WARN_OBJC_ROOT_CLASS = YES_ERROR;
				CLANG_WARN_UNREACHABLE_CODE = YES;
				CLANG_WARN__DUPLICATE_METHOD_MATCH = YES;
				"CODE_SIGN_IDENTITY[sdk=iphoneos*]" = "iPhone Developer";
				COPY_PHASE_STRIP = NO;
				DEBUG_INFORMATION_FORMAT = dwarf;
				ENABLE_STRICT_OBJC_MSGSEND = YES;
				ENABLE_TESTABILITY = YES;
				GCC_C_LANGUAGE_STANDARD = gnu99;
				GCC_DYNAMIC_NO_PIC = NO;
				GCC_NO_COMMON_BLOCKS = YES;
				GCC_OPTIMIZATION_LEVEL = 0;
				GCC_PREPROCESSOR_DEFINITIONS = (
					"DEBUG=1",
					"$(inherited)",
				);
				GCC_WARN_64_TO_32_BIT_CONVERSION = YES;
				GCC_WARN_ABOUT_RETURN_TYPE = YES_ERROR;
				GCC_WARN_UNDECLARED_SELECTOR = YES;
				GCC_WARN_UNINITIALIZED_AUTOS = YES_AGGRESSIVE;
				GCC_WARN_UNUSED_FUNCTION = YES;
				GCC_WARN_UNUSED_VARIABLE = YES;
				IPHONEOS_DEPLOYMENT_TARGET = 9.1;
				MTL_ENABLE_DEBUG_INFO = YES;
				ONLY_ACTIVE_ARCH = YES;
				SDKROOT = iphoneos;
				SWIFT_OPTIMIZATION_LEVEL = "-Onone";
				TARGETED_DEVICE_FAMILY = "1,2";
			};
			name = Debug;
		};
		5B6AE00B1BE9A88500DBBFBF /* Release */ = {
			isa = XCBuildConfiguration;
			buildSettings = {
				ALWAYS_SEARCH_USER_PATHS = NO;
				CLANG_CXX_LANGUAGE_STANDARD = "gnu++0x";
				CLANG_CXX_LIBRARY = "libc++";
				CLANG_ENABLE_MODULES = YES;
				CLANG_ENABLE_OBJC_ARC = YES;
				CLANG_WARN_BOOL_CONVERSION = YES;
				CLANG_WARN_CONSTANT_CONVERSION = YES;
				CLANG_WARN_DIRECT_OBJC_ISA_USAGE = YES_ERROR;
				CLANG_WARN_EMPTY_BODY = YES;
				CLANG_WARN_ENUM_CONVERSION = YES;
				CLANG_WARN_INT_CONVERSION = YES;
				CLANG_WARN_OBJC_ROOT_CLASS = YES_ERROR;
				CLANG_WARN_UNREACHABLE_CODE = YES;
				CLANG_WARN__DUPLICATE_METHOD_MATCH = YES;
				"CODE_SIGN_IDENTITY[sdk=iphoneos*]" = "iPhone Developer";
				COPY_PHASE_STRIP = NO;
				DEBUG_INFORMATION_FORMAT = "dwarf-with-dsym";
				ENABLE_NS_ASSERTIONS = NO;
				ENABLE_STRICT_OBJC_MSGSEND = YES;
				GCC_C_LANGUAGE_STANDARD = gnu99;
				GCC_NO_COMMON_BLOCKS = YES;
				GCC_WARN_64_TO_32_BIT_CONVERSION = YES;
				GCC_WARN_ABOUT_RETURN_TYPE = YES_ERROR;
				GCC_WARN_UNDECLARED_SELECTOR = YES;
				GCC_WARN_UNINITIALIZED_AUTOS = YES_AGGRESSIVE;
				GCC_WARN_UNUSED_FUNCTION = YES;
				GCC_WARN_UNUSED_VARIABLE = YES;
				IPHONEOS_DEPLOYMENT_TARGET = 9.1;
				MTL_ENABLE_DEBUG_INFO = NO;
				SDKROOT = iphoneos;
				TARGETED_DEVICE_FAMILY = "1,2";
				VALIDATE_PRODUCT = YES;
			};
			name = Release;
		};
		5B6AE00D1BE9A88500DBBFBF /* Debug */ = {
			isa = XCBuildConfiguration;
			buildSettings = {
				ASSETCATALOG_COMPILER_APPICON_NAME = AppIcon;
				INFOPLIST_FILE = OneLogGenerator/Info.plist;
				LD_RUNPATH_SEARCH_PATHS = "$(inherited) @executable_path/Frameworks";
				PRODUCT_BUNDLE_IDENTIFIER = hzhang27.OneLogGenerator;
				PRODUCT_NAME = "$(TARGET_NAME)";
				TARGETED_DEVICE_FAMILY = 1;
			};
			name = Debug;
		};
		5B6AE00E1BE9A88500DBBFBF /* Release */ = {
			isa = XCBuildConfiguration;
			buildSettings = {
				ASSETCATALOG_COMPILER_APPICON_NAME = AppIcon;
				INFOPLIST_FILE = OneLogGenerator/Info.plist;
				LD_RUNPATH_SEARCH_PATHS = "$(inherited) @executable_path/Frameworks";
				PRODUCT_BUNDLE_IDENTIFIER = hzhang27.OneLogGenerator;
				PRODUCT_NAME = "$(TARGET_NAME)";
				TARGETED_DEVICE_FAMILY = 1;
			};
			name = Release;
		};
		5B6AE0101BE9A88500DBBFBF /* Debug */ = {
			isa = XCBuildConfiguration;
			buildSettings = {
				BUNDLE_LOADER = "$(TEST_HOST)";
				INFOPLIST_FILE = OneLogGeneratorTests/Info.plist;
				LD_RUNPATH_SEARCH_PATHS = "$(inherited) @executable_path/Frameworks @loader_path/Frameworks";
				PRODUCT_BUNDLE_IDENTIFIER = hzhang27.OneLogGeneratorTests;
				PRODUCT_NAME = "$(TARGET_NAME)";
				TEST_HOST = "$(BUILT_PRODUCTS_DIR)/OneLogGenerator.app/OneLogGenerator";
			};
			name = Debug;
		};
		5B6AE0111BE9A88500DBBFBF /* Release */ = {
			isa = XCBuildConfiguration;
			buildSettings = {
				BUNDLE_LOADER = "$(TEST_HOST)";
				INFOPLIST_FILE = OneLogGeneratorTests/Info.plist;
				LD_RUNPATH_SEARCH_PATHS = "$(inherited) @executable_path/Frameworks @loader_path/Frameworks";
				PRODUCT_BUNDLE_IDENTIFIER = hzhang27.OneLogGeneratorTests;
				PRODUCT_NAME = "$(TARGET_NAME)";
				TEST_HOST = "$(BUILT_PRODUCTS_DIR)/OneLogGenerator.app/OneLogGenerator";
			};
			name = Release;
		};
/* End XCBuildConfiguration section */

/* Begin XCConfigurationList section */
		5B6ADFEA1BE9A88500DBBFBF /* Build configuration list for PBXProject "OneLogGenerator" */ = {
			isa = XCConfigurationList;
			buildConfigurations = (
				5B6AE00A1BE9A88500DBBFBF /* Debug */,
				5B6AE00B1BE9A88500DBBFBF /* Release */,
			);
			defaultConfigurationIsVisible = 0;
			defaultConfigurationName = Release;
		};
		5B6AE00C1BE9A88500DBBFBF /* Build configuration list for PBXNativeTarget "OneLogGenerator" */ = {
			isa = XCConfigurationList;
			buildConfigurations = (
				5B6AE00D1BE9A88500DBBFBF /* Debug */,
				5B6AE00E1BE9A88500DBBFBF /* Release */,
			);
			defaultConfigurationIsVisible = 0;
			defaultConfigurationName = Release;
		};
		5B6AE00F1BE9A88500DBBFBF /* Build configuration list for PBXNativeTarget "OneLogGeneratorTests" */ = {
			isa = XCConfigurationList;
			buildConfigurations = (
				5B6AE0101BE9A88500DBBFBF /* Debug */,
				5B6AE0111BE9A88500DBBFBF /* Release */,
			);
			defaultConfigurationIsVisible = 0;
			defaultConfigurationName = Release;
		};
/* End XCConfigurationList section */
	};
	rootObject = 5B6ADFE71BE9A88500DBBFBF /* Project object */;
}
